// !$*UTF8*$!
{
	archiveVersion = 1;
	classes = {
	};
	objectVersion = 46;
	objects = {

/* Begin PBXBuildFile section */
		EB3093131C76BB8100FC2B4B /* AppDelegate.swift in Sources */ = {isa = PBXBuildFile; fileRef = EB3093121C76BB8100FC2B4B /* AppDelegate.swift */; };
		EB3093151C76BB8100FC2B4B /* ViewController.swift in Sources */ = {isa = PBXBuildFile; fileRef = EB3093141C76BB8100FC2B4B /* ViewController.swift */; };
		EB3093181C76BB8100FC2B4B /* Main.storyboard in Resources */ = {isa = PBXBuildFile; fileRef = EB3093161C76BB8100FC2B4B /* Main.storyboard */; };
		EB30931A1C76BB8100FC2B4B /* Assets.xcassets in Resources */ = {isa = PBXBuildFile; fileRef = EB3093191C76BB8100FC2B4B /* Assets.xcassets */; };
		EB30931D1C76BB8100FC2B4B /* LaunchScreen.storyboard in Resources */ = {isa = PBXBuildFile; fileRef = EB30931B1C76BB8100FC2B4B /* LaunchScreen.storyboard */; };
		EB3093281C76BB8100FC2B4B /* BeerRecipeDisplayerTests.swift in Sources */ = {isa = PBXBuildFile; fileRef = EB3093271C76BB8100FC2B4B /* BeerRecipeDisplayerTests.swift */; };
		EB84B6AC1C8BA5E000550133 /* Hop.swift in Sources */ = {isa = PBXBuildFile; fileRef = EB84B6AB1C8BA5E000550133 /* Hop.swift */; };
		EB84B6AE1C8BAB9000550133 /* typealiases.swift in Sources */ = {isa = PBXBuildFile; fileRef = EB84B6AD1C8BAB9000550133 /* typealiases.swift */; };
		EB84B6B01C8BABA800550133 /* Fermentable.swift in Sources */ = {isa = PBXBuildFile; fileRef = EB84B6AF1C8BABA800550133 /* Fermentable.swift */; };
		EB84B6B21C8BB2B200550133 /* Yeast.swift in Sources */ = {isa = PBXBuildFile; fileRef = EB84B6B11C8BB2B200550133 /* Yeast.swift */; };
		EB84B6B41C8BCD1A00550133 /* Misc.swift in Sources */ = {isa = PBXBuildFile; fileRef = EB84B6B31C8BCD1A00550133 /* Misc.swift */; };
		EB84B6B61C8BD35A00550133 /* Water.swift in Sources */ = {isa = PBXBuildFile; fileRef = EB84B6B51C8BD35A00550133 /* Water.swift */; };
/* End PBXBuildFile section */

/* Begin PBXContainerItemProxy section */
		EB3093241C76BB8100FC2B4B /* PBXContainerItemProxy */ = {
			isa = PBXContainerItemProxy;
			containerPortal = EB3093071C76BB8100FC2B4B /* Project object */;
			proxyType = 1;
			remoteGlobalIDString = EB30930E1C76BB8100FC2B4B;
			remoteInfo = BeerRecipeDisplayer;
		};
/* End PBXContainerItemProxy section */

/* Begin PBXFileReference section */
		EB30930F1C76BB8100FC2B4B /* BeerRecipeDisplayer.app */ = {isa = PBXFileReference; explicitFileType = wrapper.application; includeInIndex = 0; path = BeerRecipeDisplayer.app; sourceTree = BUILT_PRODUCTS_DIR; };
		EB3093121C76BB8100FC2B4B /* AppDelegate.swift */ = {isa = PBXFileReference; lastKnownFileType = sourcecode.swift; path = AppDelegate.swift; sourceTree = "<group>"; };
		EB3093141C76BB8100FC2B4B /* ViewController.swift */ = {isa = PBXFileReference; lastKnownFileType = sourcecode.swift; path = ViewController.swift; sourceTree = "<group>"; };
		EB3093171C76BB8100FC2B4B /* Base */ = {isa = PBXFileReference; lastKnownFileType = file.storyboard; name = Base; path = Base.lproj/Main.storyboard; sourceTree = "<group>"; };
		EB3093191C76BB8100FC2B4B /* Assets.xcassets */ = {isa = PBXFileReference; lastKnownFileType = folder.assetcatalog; path = Assets.xcassets; sourceTree = "<group>"; };
		EB30931C1C76BB8100FC2B4B /* Base */ = {isa = PBXFileReference; lastKnownFileType = file.storyboard; name = Base; path = Base.lproj/LaunchScreen.storyboard; sourceTree = "<group>"; };
		EB30931E1C76BB8100FC2B4B /* Info.plist */ = {isa = PBXFileReference; lastKnownFileType = text.plist.xml; path = Info.plist; sourceTree = "<group>"; };
		EB3093231C76BB8100FC2B4B /* BeerRecipeDisplayerTests.xctest */ = {isa = PBXFileReference; explicitFileType = wrapper.cfbundle; includeInIndex = 0; path = BeerRecipeDisplayerTests.xctest; sourceTree = BUILT_PRODUCTS_DIR; };
		EB3093271C76BB8100FC2B4B /* BeerRecipeDisplayerTests.swift */ = {isa = PBXFileReference; lastKnownFileType = sourcecode.swift; path = BeerRecipeDisplayerTests.swift; sourceTree = "<group>"; };
		EB3093291C76BB8100FC2B4B /* Info.plist */ = {isa = PBXFileReference; lastKnownFileType = text.plist.xml; path = Info.plist; sourceTree = "<group>"; };
		EB84B6AB1C8BA5E000550133 /* Hop.swift */ = {isa = PBXFileReference; fileEncoding = 4; lastKnownFileType = sourcecode.swift; path = Hop.swift; sourceTree = "<group>"; };
		EB84B6AD1C8BAB9000550133 /* typealiases.swift */ = {isa = PBXFileReference; fileEncoding = 4; lastKnownFileType = sourcecode.swift; path = typealiases.swift; sourceTree = "<group>"; };
		EB84B6AF1C8BABA800550133 /* Fermentable.swift */ = {isa = PBXFileReference; fileEncoding = 4; lastKnownFileType = sourcecode.swift; path = Fermentable.swift; sourceTree = "<group>"; };
		EB84B6B11C8BB2B200550133 /* Yeast.swift */ = {isa = PBXFileReference; fileEncoding = 4; lastKnownFileType = sourcecode.swift; path = Yeast.swift; sourceTree = "<group>"; };
		EB84B6B31C8BCD1A00550133 /* Misc.swift */ = {isa = PBXFileReference; fileEncoding = 4; lastKnownFileType = sourcecode.swift; path = Misc.swift; sourceTree = "<group>"; };
		EB84B6B51C8BD35A00550133 /* Water.swift */ = {isa = PBXFileReference; fileEncoding = 4; lastKnownFileType = sourcecode.swift; path = Water.swift; sourceTree = "<group>"; };
/* End PBXFileReference section */

/* Begin PBXFrameworksBuildPhase section */
		EB30930C1C76BB8100FC2B4B /* Frameworks */ = {
			isa = PBXFrameworksBuildPhase;
			buildActionMask = 2147483647;
			files = (
			);
			runOnlyForDeploymentPostprocessing = 0;
		};
		EB3093201C76BB8100FC2B4B /* Frameworks */ = {
			isa = PBXFrameworksBuildPhase;
			buildActionMask = 2147483647;
			files = (
			);
			runOnlyForDeploymentPostprocessing = 0;
		};
/* End PBXFrameworksBuildPhase section */

/* Begin PBXGroup section */
		EB3093061C76BB8100FC2B4B = {
			isa = PBXGroup;
			children = (
				EB3093111C76BB8100FC2B4B /* BeerRecipeDisplayer */,
				EB3093261C76BB8100FC2B4B /* BeerRecipeDisplayerTests */,
				EB3093101C76BB8100FC2B4B /* Products */,
			);
			sourceTree = "<group>";
		};
		EB3093101C76BB8100FC2B4B /* Products */ = {
			isa = PBXGroup;
			children = (
				EB30930F1C76BB8100FC2B4B /* BeerRecipeDisplayer.app */,
				EB3093231C76BB8100FC2B4B /* BeerRecipeDisplayerTests.xctest */,
			);
			name = Products;
			sourceTree = "<group>";
		};
		EB3093111C76BB8100FC2B4B /* BeerRecipeDisplayer */ = {
			isa = PBXGroup;
			children = (
				EB3093121C76BB8100FC2B4B /* AppDelegate.swift */,
				EB3093141C76BB8100FC2B4B /* ViewController.swift */,
				EB3093161C76BB8100FC2B4B /* Main.storyboard */,
				EB3093191C76BB8100FC2B4B /* Assets.xcassets */,
				EB30931B1C76BB8100FC2B4B /* LaunchScreen.storyboard */,
				EB30931E1C76BB8100FC2B4B /* Info.plist */,
				EB84B6AB1C8BA5E000550133 /* Hop.swift */,
				EB84B6AD1C8BAB9000550133 /* typealiases.swift */,
				EB84B6AF1C8BABA800550133 /* Fermentable.swift */,
				EB84B6B11C8BB2B200550133 /* Yeast.swift */,
				EB84B6B31C8BCD1A00550133 /* Misc.swift */,
				EB84B6B51C8BD35A00550133 /* Water.swift */,
			);
			path = BeerRecipeDisplayer;
			sourceTree = "<group>";
		};
		EB3093261C76BB8100FC2B4B /* BeerRecipeDisplayerTests */ = {
			isa = PBXGroup;
			children = (
				EB3093271C76BB8100FC2B4B /* BeerRecipeDisplayerTests.swift */,
				EB3093291C76BB8100FC2B4B /* Info.plist */,
			);
			path = BeerRecipeDisplayerTests;
			sourceTree = "<group>";
		};
/* End PBXGroup section */

/* Begin PBXNativeTarget section */
		EB30930E1C76BB8100FC2B4B /* BeerRecipeDisplayer */ = {
			isa = PBXNativeTarget;
			buildConfigurationList = EB30932C1C76BB8100FC2B4B /* Build configuration list for PBXNativeTarget "BeerRecipeDisplayer" */;
			buildPhases = (
				EB30930B1C76BB8100FC2B4B /* Sources */,
				EB30930C1C76BB8100FC2B4B /* Frameworks */,
				EB30930D1C76BB8100FC2B4B /* Resources */,
			);
			buildRules = (
			);
			dependencies = (
			);
			name = BeerRecipeDisplayer;
			productName = BeerRecipeDisplayer;
			productReference = EB30930F1C76BB8100FC2B4B /* BeerRecipeDisplayer.app */;
			productType = "com.apple.product-type.application";
		};
		EB3093221C76BB8100FC2B4B /* BeerRecipeDisplayerTests */ = {
			isa = PBXNativeTarget;
			buildConfigurationList = EB30932F1C76BB8100FC2B4B /* Build configuration list for PBXNativeTarget "BeerRecipeDisplayerTests" */;
			buildPhases = (
				EB30931F1C76BB8100FC2B4B /* Sources */,
				EB3093201C76BB8100FC2B4B /* Frameworks */,
				EB3093211C76BB8100FC2B4B /* Resources */,
			);
			buildRules = (
			);
			dependencies = (
				EB3093251C76BB8100FC2B4B /* PBXTargetDependency */,
			);
			name = BeerRecipeDisplayerTests;
			productName = BeerRecipeDisplayerTests;
			productReference = EB3093231C76BB8100FC2B4B /* BeerRecipeDisplayerTests.xctest */;
			productType = "com.apple.product-type.bundle.unit-test";
		};
/* End PBXNativeTarget section */

/* Begin PBXProject section */
		EB3093071C76BB8100FC2B4B /* Project object */ = {
			isa = PBXProject;
			attributes = {
				LastSwiftUpdateCheck = 0720;
				LastUpgradeCheck = 0720;
				ORGANIZATIONNAME = "Pedro Howat";
				TargetAttributes = {
					EB30930E1C76BB8100FC2B4B = {
						CreatedOnToolsVersion = 7.2.1;
					};
					EB3093221C76BB8100FC2B4B = {
						CreatedOnToolsVersion = 7.2.1;
						TestTargetID = EB30930E1C76BB8100FC2B4B;
					};
				};
			};
			buildConfigurationList = EB30930A1C76BB8100FC2B4B /* Build configuration list for PBXProject "BeerRecipeDisplayer" */;
			compatibilityVersion = "Xcode 3.2";
			developmentRegion = English;
			hasScannedForEncodings = 0;
			knownRegions = (
				en,
				Base,
			);
			mainGroup = EB3093061C76BB8100FC2B4B;
			productRefGroup = EB3093101C76BB8100FC2B4B /* Products */;
			projectDirPath = "";
			projectRoot = "";
			targets = (
				EB30930E1C76BB8100FC2B4B /* BeerRecipeDisplayer */,
				EB3093221C76BB8100FC2B4B /* BeerRecipeDisplayerTests */,
			);
		};
/* End PBXProject section */

/* Begin PBXResourcesBuildPhase section */
		EB30930D1C76BB8100FC2B4B /* Resources */ = {
			isa = PBXResourcesBuildPhase;
			buildActionMask = 2147483647;
			files = (
				EB30931D1C76BB8100FC2B4B /* LaunchScreen.storyboard in Resources */,
				EB30931A1C76BB8100FC2B4B /* Assets.xcassets in Resources */,
				EB3093181C76BB8100FC2B4B /* Main.storyboard in Resources */,
			);
			runOnlyForDeploymentPostprocessing = 0;
		};
		EB3093211C76BB8100FC2B4B /* Resources */ = {
			isa = PBXResourcesBuildPhase;
			buildActionMask = 2147483647;
			files = (
			);
			runOnlyForDeploymentPostprocessing = 0;
		};
/* End PBXResourcesBuildPhase section */

/* Begin PBXSourcesBuildPhase section */
		EB30930B1C76BB8100FC2B4B /* Sources */ = {
			isa = PBXSourcesBuildPhase;
			buildActionMask = 2147483647;
			files = (
				EB84B6AE1C8BAB9000550133 /* typealiases.swift in Sources */,
				EB84B6B61C8BD35A00550133 /* Water.swift in Sources */,
				EB3093151C76BB8100FC2B4B /* ViewController.swift in Sources */,
				EB84B6B21C8BB2B200550133 /* Yeast.swift in Sources */,
				EB84B6B01C8BABA800550133 /* Fermentable.swift in Sources */,
				EB84B6B41C8BCD1A00550133 /* Misc.swift in Sources */,
				EB3093131C76BB8100FC2B4B /* AppDelegate.swift in Sources */,
				EB84B6AC1C8BA5E000550133 /* Hop.swift in Sources */,
			);
			runOnlyForDeploymentPostprocessing = 0;
		};
		EB30931F1C76BB8100FC2B4B /* Sources */ = {
			isa = PBXSourcesBuildPhase;
			buildActionMask = 2147483647;
			files = (
				EB3093281C76BB8100FC2B4B /* BeerRecipeDisplayerTests.swift in Sources */,
			);
			runOnlyForDeploymentPostprocessing = 0;
		};
/* End PBXSourcesBuildPhase section */

/* Begin PBXTargetDependency section */
		EB3093251C76BB8100FC2B4B /* PBXTargetDependency */ = {
			isa = PBXTargetDependency;
			target = EB30930E1C76BB8100FC2B4B /* BeerRecipeDisplayer */;
			targetProxy = EB3093241C76BB8100FC2B4B /* PBXContainerItemProxy */;
		};
/* End PBXTargetDependency section */

/* Begin PBXVariantGroup section */
		EB3093161C76BB8100FC2B4B /* Main.storyboard */ = {
			isa = PBXVariantGroup;
			children = (
				EB3093171C76BB8100FC2B4B /* Base */,
			);
			name = Main.storyboard;
			sourceTree = "<group>";
		};
		EB30931B1C76BB8100FC2B4B /* LaunchScreen.storyboard */ = {
			isa = PBXVariantGroup;
			children = (
				EB30931C1C76BB8100FC2B4B /* Base */,
			);
			name = LaunchScreen.storyboard;
			sourceTree = "<group>";
		};
/* End PBXVariantGroup section */

/* Begin XCBuildConfiguration section */
		EB30932A1C76BB8100FC2B4B /* Debug */ = {
			isa = XCBuildConfiguration;
			buildSettings = {
				ALWAYS_SEARCH_USER_PATHS = NO;
				CLANG_CXX_LANGUAGE_STANDARD = "gnu++0x";
				CLANG_CXX_LIBRARY = "libc++";
				CLANG_ENABLE_MODULES = YES;
				CLANG_ENABLE_OBJC_ARC = YES;
				CLANG_WARN_BOOL_CONVERSION = YES;
				CLANG_WARN_CONSTANT_CONVERSION = YES;
				CLANG_WARN_DIRECT_OBJC_ISA_USAGE = YES_ERROR;
				CLANG_WARN_EMPTY_BODY = YES;
				CLANG_WARN_ENUM_CONVERSION = YES;
				CLANG_WARN_INT_CONVERSION = YES;
				CLANG_WARN_OBJC_ROOT_CLASS = YES_ERROR;
				CLANG_WARN_UNREACHABLE_CODE = YES;
				CLANG_WARN__DUPLICATE_METHOD_MATCH = YES;
				"CODE_SIGN_IDENTITY[sdk=iphoneos*]" = "iPhone Developer";
				COPY_PHASE_STRIP = NO;
				DEBUG_INFORMATION_FORMAT = dwarf;
				ENABLE_STRICT_OBJC_MSGSEND = YES;
				ENABLE_TESTABILITY = YES;
				GCC_C_LANGUAGE_STANDARD = gnu99;
				GCC_DYNAMIC_NO_PIC = NO;
				GCC_NO_COMMON_BLOCKS = YES;
				GCC_OPTIMIZATION_LEVEL = 0;
				GCC_PREPROCESSOR_DEFINITIONS = (
					"DEBUG=1",
					"$(inherited)",
				);
				GCC_WARN_64_TO_32_BIT_CONVERSION = YES;
				GCC_WARN_ABOUT_RETURN_TYPE = YES_ERROR;
				GCC_WARN_UNDECLARED_SELECTOR = YES;
				GCC_WARN_UNINITIALIZED_AUTOS = YES_AGGRESSIVE;
				GCC_WARN_UNUSED_FUNCTION = YES;
				GCC_WARN_UNUSED_VARIABLE = YES;
				IPHONEOS_DEPLOYMENT_TARGET = 9.2;
				MTL_ENABLE_DEBUG_INFO = YES;
				ONLY_ACTIVE_ARCH = YES;
				SDKROOT = iphoneos;
				SWIFT_OPTIMIZATION_LEVEL = "-Onone";
				TARGETED_DEVICE_FAMILY = "1,2";
			};
			name = Debug;
		};
		EB30932B1C76BB8100FC2B4B /* Release */ = {
			isa = XCBuildConfiguration;
			buildSettings = {
				ALWAYS_SEARCH_USER_PATHS = NO;
				CLANG_CXX_LANGUAGE_STANDARD = "gnu++0x";
				CLANG_CXX_LIBRARY = "libc++";
				CLANG_ENABLE_MODULES = YES;
				CLANG_ENABLE_OBJC_ARC = YES;
				CLANG_WARN_BOOL_CONVERSION = YES;
				CLANG_WARN_CONSTANT_CONVERSION = YES;
				CLANG_WARN_DIRECT_OBJC_ISA_USAGE = YES_ERROR;
				CLANG_WARN_EMPTY_BODY = YES;
				CLANG_WARN_ENUM_CONVERSION = YES;
				CLANG_WARN_INT_CONVERSION = YES;
				CLANG_WARN_OBJC_ROOT_CLASS = YES_ERROR;
				CLANG_WARN_UNREACHABLE_CODE = YES;
				CLANG_WARN__DUPLICATE_METHOD_MATCH = YES;
				"CODE_SIGN_IDENTITY[sdk=iphoneos*]" = "iPhone Developer";
				COPY_PHASE_STRIP = NO;
				DEBUG_INFORMATION_FORMAT = "dwarf-with-dsym";
				ENABLE_NS_ASSERTIONS = NO;
				ENABLE_STRICT_OBJC_MSGSEND = YES;
				GCC_C_LANGUAGE_STANDARD = gnu99;
				GCC_NO_COMMON_BLOCKS = YES;
				GCC_WARN_64_TO_32_BIT_CONVERSION = YES;
				GCC_WARN_ABOUT_RETURN_TYPE = YES_ERROR;
				GCC_WARN_UNDECLARED_SELECTOR = YES;
				GCC_WARN_UNINITIALIZED_AUTOS = YES_AGGRESSIVE;
				GCC_WARN_UNUSED_FUNCTION = YES;
				GCC_WARN_UNUSED_VARIABLE = YES;
				IPHONEOS_DEPLOYMENT_TARGET = 9.2;
				MTL_ENABLE_DEBUG_INFO = NO;
				SDKROOT = iphoneos;
				TARGETED_DEVICE_FAMILY = "1,2";
				VALIDATE_PRODUCT = YES;
			};
			name = Release;
		};
		EB30932D1C76BB8100FC2B4B /* Debug */ = {
			isa = XCBuildConfiguration;
			buildSettings = {
				ASSETCATALOG_COMPILER_APPICON_NAME = AppIcon;
				INFOPLIST_FILE = BeerRecipeDisplayer/Info.plist;
				LD_RUNPATH_SEARCH_PATHS = "$(inherited) @executable_path/Frameworks";
				PRODUCT_BUNDLE_IDENTIFIER = at.phow.BeerRecipeDisplayer;
				PRODUCT_NAME = "$(TARGET_NAME)";
			};
			name = Debug;
		};
		EB30932E1C76BB8100FC2B4B /* Release */ = {
			isa = XCBuildConfiguration;
			buildSettings = {
				ASSETCATALOG_COMPILER_APPICON_NAME = AppIcon;
				INFOPLIST_FILE = BeerRecipeDisplayer/Info.plist;
				LD_RUNPATH_SEARCH_PATHS = "$(inherited) @executable_path/Frameworks";
				PRODUCT_BUNDLE_IDENTIFIER = at.phow.BeerRecipeDisplayer;
				PRODUCT_NAME = "$(TARGET_NAME)";
			};
			name = Release;
		};
		EB3093301C76BB8100FC2B4B /* Debug */ = {
			isa = XCBuildConfiguration;
			buildSettings = {
				BUNDLE_LOADER = "$(TEST_HOST)";
				INFOPLIST_FILE = BeerRecipeDisplayerTests/Info.plist;
				LD_RUNPATH_SEARCH_PATHS = "$(inherited) @executable_path/Frameworks @loader_path/Frameworks";
				PRODUCT_BUNDLE_IDENTIFIER = at.phow.BeerRecipeDisplayerTests;
				PRODUCT_NAME = "$(TARGET_NAME)";
				TEST_HOST = "$(BUILT_PRODUCTS_DIR)/BeerRecipeDisplayer.app/BeerRecipeDisplayer";
			};
			name = Debug;
		};
		EB3093311C76BB8100FC2B4B /* Release */ = {
			isa = XCBuildConfiguration;
			buildSettings = {
				BUNDLE_LOADER = "$(TEST_HOST)";
				INFOPLIST_FILE = BeerRecipeDisplayerTests/Info.plist;
				LD_RUNPATH_SEARCH_PATHS = "$(inherited) @executable_path/Frameworks @loader_path/Frameworks";
				PRODUCT_BUNDLE_IDENTIFIER = at.phow.BeerRecipeDisplayerTests;
				PRODUCT_NAME = "$(TARGET_NAME)";
				TEST_HOST = "$(BUILT_PRODUCTS_DIR)/BeerRecipeDisplayer.app/BeerRecipeDisplayer";
			};
			name = Release;
		};
/* End XCBuildConfiguration section */

/* Begin XCConfigurationList section */
		EB30930A1C76BB8100FC2B4B /* Build configuration list for PBXProject "BeerRecipeDisplayer" */ = {
			isa = XCConfigurationList;
			buildConfigurations = (
				EB30932A1C76BB8100FC2B4B /* Debug */,
				EB30932B1C76BB8100FC2B4B /* Release */,
			);
			defaultConfigurationIsVisible = 0;
			defaultConfigurationName = Release;
		};
		EB30932C1C76BB8100FC2B4B /* Build configuration list for PBXNativeTarget "BeerRecipeDisplayer" */ = {
			isa = XCConfigurationList;
			buildConfigurations = (
				EB30932D1C76BB8100FC2B4B /* Debug */,
				EB30932E1C76BB8100FC2B4B /* Release */,
			);
			defaultConfigurationIsVisible = 0;
			defaultConfigurationName = Release;
		};
		EB30932F1C76BB8100FC2B4B /* Build configuration list for PBXNativeTarget "BeerRecipeDisplayerTests" */ = {
			isa = XCConfigurationList;
			buildConfigurations = (
				EB3093301C76BB8100FC2B4B /* Debug */,
				EB3093311C76BB8100FC2B4B /* Release */,
			);
			defaultConfigurationIsVisible = 0;
			defaultConfigurationName = Release;
		};
/* End XCConfigurationList section */
	};
	rootObject = EB3093071C76BB8100FC2B4B /* Project object */;
}
